
Microsoft Visual Studio Solution File, Format Version 12.00
# Visual Studio Version 16
VisualStudioVersion = 16.0.29721.120
MinimumVisualStudioVersion = 10.0.40219.1
Project("{9A19103F-16F7-4668-BE54-9A1E7A4F7556}") = "MyServer", "MyServer\MyServer.csproj", "{BC175FE4-229A-4279-85EE-9FDB26518F99}"
EndProject
Project("{9A19103F-16F7-4668-BE54-9A1E7A4F7556}") = "MyClient", "MyClient\MyClient.csproj", "{A9BFB3D8-6310-4B83-B8C8-FFA3E8DDCAC7}"
EndProject
Project("{9A19103F-16F7-4668-BE54-9A1E7A4F7556}") = "MyWebClient", "MyWebClient\MyWebClient.csproj", "{236526F6-F177-4916-8500-3F6BD6644CD5}"
EndProject
Project("{FAE04EC0-301F-11D3-BF4B-00C04F79EFBC}") = "MyServerService", "MyServerService\MyServerService.csproj", "{E377B522-E64F-43D8-930B-E7CF104AA011}"
EndProject
Global
	GlobalSection(SolutionConfigurationPlatforms) = preSolution
		Debug|Any CPU = Debug|Any CPU
		Release|Any CPU = Release|Any CPU
	EndGlobalSection
	GlobalSection(ProjectConfigurationPlatforms) = postSolution
		{BC175FE4-229A-4279-85EE-9FDB26518F99}.Debug|Any CPU.ActiveCfg = Debug|Any CPU
		{BC175FE4-229A-4279-85EE-9FDB26518F99}.Debug|Any CPU.Build.0 = Debug|Any CPU
		{BC175FE4-229A-4279-85EE-9FDB26518F99}.Release|Any CPU.ActiveCfg = Release|Any CPU
		{BC175FE4-229A-4279-85EE-9FDB26518F99}.Release|Any CPU.Build.0 = Release|Any CPU
		{A9BFB3D8-6310-4B83-B8C8-FFA3E8DDCAC7}.Debug|Any CPU.ActiveCfg = Debug|Any CPU
		{A9BFB3D8-6310-4B83-B8C8-FFA3E8DDCAC7}.Debug|Any CPU.Build.0 = Debug|Any CPU
		{A9BFB3D8-6310-4B83-B8C8-FFA3E8DDCAC7}.Release|Any CPU.ActiveCfg = Release|Any CPU
		{A9BFB3D8-6310-4B83-B8C8-FFA3E8DDCAC7}.Release|Any CPU.Build.0 = Release|Any CPU
		{236526F6-F177-4916-8500-3F6BD6644CD5}.Debug|Any CPU.ActiveCfg = Debug|Any CPU
		{236526F6-F177-4916-8500-3F6BD6644CD5}.Debug|Any CPU.Build.0 = Debug|Any CPU
		{236526F6-F177-4916-8500-3F6BD6644CD5}.Release|Any CPU.ActiveCfg = Release|Any CPU
		{236526F6-F177-4916-8500-3F6BD6644CD5}.Release|Any CPU.Build.0 = Release|Any CPU
		{E377B522-E64F-43D8-930B-E7CF104AA011}.Debug|Any CPU.ActiveCfg = Debug|Any CPU
		{E377B522-E64F-43D8-930B-E7CF104AA011}.Debug|Any CPU.Build.0 = Debug|Any CPU
		{E377B522-E64F-43D8-930B-E7CF104AA011}.Release|Any CPU.ActiveCfg = Release|Any CPU
		{E377B522-E64F-43D8-930B-E7CF104AA011}.Release|Any CPU.Build.0 = Release|Any CPU
	EndGlobalSection
	GlobalSection(SolutionProperties) = preSolution
		HideSolutionNode = FALSE
	EndGlobalSection
	GlobalSection(ExtensibilityGlobals) = postSolution
		SolutionGuid = {055C3F25-3713-4DFB-A026-8F0AA171A2D3}
	EndGlobalSection
EndGlobal
